
Microsoft Visual Studio Solution File, Format Version 11.00
# Visual Studio 2010
Project("{FAE04EC0-301F-11D3-BF4B-00C04F79EFBC}") = "Ninject.Extensions.Factory", "Ninject.Extensions.Factory\Ninject.Extensions.Factory.csproj", "{9831975F-FA35-4B8B-A545-1A06852625BB}"
EndProject
Project("{FAE04EC0-301F-11D3-BF4B-00C04F79EFBC}") = "Ninject.Extensions.Factory.Test", "Ninject.Extensions.Factory.Test\Ninject.Extensions.Factory.Test.csproj", "{EB0A05EF-2630-4F8B-92D8-6763509C0D80}"
EndProject
Project("{FAE04EC0-301F-11D3-BF4B-00C04F79EFBC}") = "Ninject.Extensions.Factory.SilverlightTests", "Ninject.Extensions.Factory.SilverlightTests\Ninject.Extensions.Factory.SilverlightTests.csproj", "{A5862491-AF17-480D-9425-517EE5FFF160}"
EndProject
Project("{FAE04EC0-301F-11D3-BF4B-00C04F79EFBC}") = "Ninject.Extensions.Factory.WindowsPhone7Tests", "Ninject.Extensions.Factory.WindowsPhone7Tests\Ninject.Extensions.Factory.WindowsPhone7Tests.csproj", "{BECDA738-C474-4D79-AC0F-6CBEEEAD183F}"
EndProject
Global
	GlobalSection(SolutionConfigurationPlatforms) = preSolution
		Debug|Any CPU = Debug|Any CPU
		Release|Any CPU = Release|Any CPU
	EndGlobalSection
	GlobalSection(ProjectConfigurationPlatforms) = postSolution
		{9831975F-FA35-4B8B-A545-1A06852625BB}.Debug|Any CPU.ActiveCfg = Debug|Any CPU
		{9831975F-FA35-4B8B-A545-1A06852625BB}.Debug|Any CPU.Build.0 = Debug|Any CPU
		{9831975F-FA35-4B8B-A545-1A06852625BB}.Release|Any CPU.ActiveCfg = Release|Any CPU
		{9831975F-FA35-4B8B-A545-1A06852625BB}.Release|Any CPU.Build.0 = Release|Any CPU
		{EB0A05EF-2630-4F8B-92D8-6763509C0D80}.Debug|Any CPU.ActiveCfg = Debug|Any CPU
		{EB0A05EF-2630-4F8B-92D8-6763509C0D80}.Debug|Any CPU.Build.0 = Debug|Any CPU
		{EB0A05EF-2630-4F8B-92D8-6763509C0D80}.Release|Any CPU.ActiveCfg = Release|Any CPU
		{EB0A05EF-2630-4F8B-92D8-6763509C0D80}.Release|Any CPU.Build.0 = Release|Any CPU
		{A5862491-AF17-480D-9425-517EE5FFF160}.Debug|Any CPU.ActiveCfg = Debug|Any CPU
		{A5862491-AF17-480D-9425-517EE5FFF160}.Debug|Any CPU.Build.0 = Debug|Any CPU
		{A5862491-AF17-480D-9425-517EE5FFF160}.Release|Any CPU.ActiveCfg = Release|Any CPU
		{A5862491-AF17-480D-9425-517EE5FFF160}.Release|Any CPU.Build.0 = Release|Any CPU
		{BECDA738-C474-4D79-AC0F-6CBEEEAD183F}.Debug|Any CPU.ActiveCfg = Debug|Any CPU
		{BECDA738-C474-4D79-AC0F-6CBEEEAD183F}.Debug|Any CPU.Build.0 = Debug|Any CPU
		{BECDA738-C474-4D79-AC0F-6CBEEEAD183F}.Debug|Any CPU.Deploy.0 = Debug|Any CPU
		{BECDA738-C474-4D79-AC0F-6CBEEEAD183F}.Release|Any CPU.ActiveCfg = Release|Any CPU
		{BECDA738-C474-4D79-AC0F-6CBEEEAD183F}.Release|Any CPU.Build.0 = Release|Any CPU
		{BECDA738-C474-4D79-AC0F-6CBEEEAD183F}.Release|Any CPU.Deploy.0 = Release|Any CPU
	EndGlobalSection
	GlobalSection(SolutionProperties) = preSolution
		HideSolutionNode = FALSE
	EndGlobalSection
EndGlobal
